# THIS IS AN AUTOGENERATED FILE. DO NOT EDIT THIS FILE DIRECTLY.
# yarn lockfile v1


"@rails/actioncable@^6.0.0":
  version "6.1.1"
  resolved "https://registry.yarnpkg.com/@rails/actioncable/-/actioncable-6.1.1.tgz#e980b2ea1c62cae17bcddad37deb6ba88d498b63"
  integrity sha512-A8toxvSuzK/wX9uMwyV6T1EYzlqzIJNrO8XiNCSNsmKresdX2cbAjxFdMu9haaPJPjl3aC2FKRJeVCUWVtLPAQ==

"@rails/activestorage@^6.0.0":
  version "6.1.1"
  resolved "https://registry.yarnpkg.com/@rails/activestorage/-/activestorage-6.1.1.tgz#c7e9c849ab9487c9914bd0bb447467cb4520bc56"
  integrity sha512-eSVffvzY0MrC4bGP6RrqvlHM06HZ1kc/4XM3XkoL8pAObDANREfd9Dstm7mYpsgPLyhtJ96QxYLV27IoFiVTbQ==
  dependencies:
    spark-md5 "^3.0.0"

"@rails/ujs@^6.0.0":
  version "6.1.1"
  resolved "https://registry.yarnpkg.com/@rails/ujs/-/ujs-6.1.1.tgz#25c4e60018274b37e5ba0850134f6445429de2f5"
  integrity sha512-uF6zEbXpGkNa7Vvxrd9Yqas8xsbc3lsC733V6I7fXgPuj8xXiuZakdE4uIyQSFRVmZKe12qmC6CNJNtIEvt4bA==

abbrev@1:
  version "1.1.1"
  resolved "https://registry.yarnpkg.com/abbrev/-/abbrev-1.1.1.tgz#f8f2c887ad10bf67f634f005b6987fed3179aac8"
  integrity sha512-nne9/IiQ/hzIhY6pdDnbBtz7DjPTKrY00P/zvPSm5pOFkl6xuGrGnXn/VtTNNfNtAfZ9/1RtehkszU9qcTii0Q==

check-files@^0.0.2:
  version "0.0.2"
  resolved "https://registry.yarnpkg.com/check-files/-/check-files-0.0.2.tgz#79216272e4aeb44c2c1ba417680b7b5cbaa2ac55"
  integrity sha1-eSFicuSutEwsG6QXaAt7XLqirFU=
  dependencies:
    extend "1.2.1"
    nopt "2.1.2"
    vow "0.4.1"

extend@1.2.1:
  version "1.2.1"
  resolved "https://registry.yarnpkg.com/extend/-/extend-1.2.1.tgz#a0f5fd6cfc83a5fe49ef698d60ec8a624dd4576c"
  integrity sha1-oPX9bPyDpf5J72mNYOyKYk3UV2w=

nopt@2.1.2:
  version "2.1.2"
  resolved "https://registry.yarnpkg.com/nopt/-/nopt-2.1.2.tgz#6cccd977b80132a07731d6e8ce58c2c8303cf9af"
  integrity sha1-bMzZd7gBMqB3MdbozljCyDA8+a8=
  dependencies:
    abbrev "1"

spark-md5@^3.0.0:
  version "3.0.1"
  resolved "https://registry.yarnpkg.com/spark-md5/-/spark-md5-3.0.1.tgz#83a0e255734f2ab4e5c466e5a2cfc9ba2aa2124d"
  integrity sha512-0tF3AGSD1ppQeuffsLDIOWlKUd3lS92tFxcsrh5Pe3ZphhnoK+oXIBTzOAThZCiuINZLvpiLH/1VS1/ANEJVig==

turbolinks@^5.2.0:
  version "5.2.0"
  resolved "https://registry.yarnpkg.com/turbolinks/-/turbolinks-5.2.0.tgz#e6877a55ea5c1cb3bb225f0a4ae303d6d32ff77c"
  integrity sha512-pMiez3tyBo6uRHFNNZoYMmrES/IaGgMhQQM+VFF36keryjb5ms0XkVpmKHkfW/4Vy96qiGW3K9bz0tF5sK9bBw==

vow@0.4.1:
  version "0.4.1"
  resolved "https://registry.yarnpkg.com/vow/-/vow-0.4.1.tgz#97c816578b2547d59083898bd65a1bff6c016454"
  integrity sha1-l8gWV4slR9WQg4mL1lob/2wBZFQ=
